// !$*UTF8*$!
{
	archiveVersion = 1;
	classes = {
	};
	objectVersion = 55;
	objects = {

/* Begin PBXBuildFile section */
		844B13A627A91E0400C440A1 /* AppDelegate.swift in Sources */ = {isa = PBXBuildFile; fileRef = 844B13A527A91E0400C440A1 /* AppDelegate.swift */; };
		844B13A827A91E0400C440A1 /* SceneDelegate.swift in Sources */ = {isa = PBXBuildFile; fileRef = 844B13A727A91E0400C440A1 /* SceneDelegate.swift */; };
		844B13AA27A91E0400C440A1 /* Home.swift in Sources */ = {isa = PBXBuildFile; fileRef = 844B13A927A91E0400C440A1 /* Home.swift */; };
		844B13AD27A91E0400C440A1 /* Main.storyboard in Resources */ = {isa = PBXBuildFile; fileRef = 844B13AB27A91E0400C440A1 /* Main.storyboard */; };
		844B13B027A91E0400C440A1 /* Pocket_Money.xcdatamodeld in Sources */ = {isa = PBXBuildFile; fileRef = 844B13AE27A91E0400C440A1 /* Pocket_Money.xcdatamodeld */; };
		844B13B227A91E0500C440A1 /* Assets.xcassets in Resources */ = {isa = PBXBuildFile; fileRef = 844B13B127A91E0500C440A1 /* Assets.xcassets */; };
		844B13B527A91E0500C440A1 /* LaunchScreen.storyboard in Resources */ = {isa = PBXBuildFile; fileRef = 844B13B327A91E0500C440A1 /* LaunchScreen.storyboard */; };
		844B13D927A9231D00C440A1 /* GoogleService-Info.plist in Resources */ = {isa = PBXBuildFile; fileRef = 844B13D827A9231D00C440A1 /* GoogleService-Info.plist */; };
		844B13E227A929A600C440A1 /* SigninVC.swift in Sources */ = {isa = PBXBuildFile; fileRef = 844B13E127A929A600C440A1 /* SigninVC.swift */; };
		844B13E427A9378800C440A1 /* LoginVC.swift in Sources */ = {isa = PBXBuildFile; fileRef = 844B13E327A9378800C440A1 /* LoginVC.swift */; };
		844B13E627A93DF300C440A1 /* MainVC.swift in Sources */ = {isa = PBXBuildFile; fileRef = 844B13E527A93DF300C440A1 /* MainVC.swift */; };
		844B13E827A93F7B00C440A1 /* User.swift in Sources */ = {isa = PBXBuildFile; fileRef = 844B13E727A93F7B00C440A1 /* User.swift */; };
		844B13EC27AA74EF00C440A1 /* UserCell.swift in Sources */ = {isa = PBXBuildFile; fileRef = 844B13EA27AA74EF00C440A1 /* UserCell.swift */; };
		844B13ED27AA74EF00C440A1 /* UserCell.xib in Resources */ = {isa = PBXBuildFile; fileRef = 844B13EB27AA74EF00C440A1 /* UserCell.xib */; };
		844B13F127ABDDD800C440A1 /* UserDetailsVC.swift in Sources */ = {isa = PBXBuildFile; fileRef = 844B13F027ABDDD800C440A1 /* UserDetailsVC.swift */; };
		848494BB27DA3BAF004543DE /* DateCalculate.swift in Sources */ = {isa = PBXBuildFile; fileRef = 848494BA27DA3BAF004543DE /* DateCalculate.swift */; };
		8485204727AFE4BE00E483ED /* AddMoneyToUserVC.swift in Sources */ = {isa = PBXBuildFile; fileRef = 8485204627AFE4BE00E483ED /* AddMoneyToUserVC.swift */; };
		84A8474427C4D07C007138F0 /* AddByTimeVC.swift in Sources */ = {isa = PBXBuildFile; fileRef = 84A8474327C4D07C007138F0 /* AddByTimeVC.swift */; };
		84C616D227B90B2700952350 /* UserDetailsCell.swift in Sources */ = {isa = PBXBuildFile; fileRef = 84C616D027B90B2700952350 /* UserDetailsCell.swift */; };
		84C616D327B90B2700952350 /* UserDetailsCell.xib in Resources */ = {isa = PBXBuildFile; fileRef = 84C616D127B90B2700952350 /* UserDetailsCell.xib */; };
		84C616D527B9185A00952350 /* DateAmount.swift in Sources */ = {isa = PBXBuildFile; fileRef = 84C616D427B9185A00952350 /* DateAmount.swift */; };
		84C616D727BE365400952350 /* AddUserVC.swift in Sources */ = {isa = PBXBuildFile; fileRef = 84C616D627BE365400952350 /* AddUserVC.swift */; };
		84EC041F281FE58C000E2A82 /* PopUpButtonsVC.swift in Sources */ = {isa = PBXBuildFile; fileRef = 84EC041E281FE58C000E2A82 /* PopUpButtonsVC.swift */; };
/* End PBXBuildFile section */

/* Begin PBXFileReference section */
		250254A8FF20916B9E1A68DC /* Pods-Pocket Money.release.xcconfig */ = {isa = PBXFileReference; includeInIndex = 1; lastKnownFileType = text.xcconfig; name = "Pods-Pocket Money.release.xcconfig"; path = "Target Support Files/Pods-Pocket Money/Pods-Pocket Money.release.xcconfig"; sourceTree = "<group>"; };
		3BEBDF27D7B93F07186AA918 /* Pods-Pocket Money.debug.xcconfig */ = {isa = PBXFileReference; includeInIndex = 1; lastKnownFileType = text.xcconfig; name = "Pods-Pocket Money.debug.xcconfig"; path = "Target Support Files/Pods-Pocket Money/Pods-Pocket Money.debug.xcconfig"; sourceTree = "<group>"; };
		844B13A527A91E0400C440A1 /* AppDelegate.swift */ = {isa = PBXFileReference; lastKnownFileType = sourcecode.swift; path = AppDelegate.swift; sourceTree = "<group>"; };
		844B13A727A91E0400C440A1 /* SceneDelegate.swift */ = {isa = PBXFileReference; lastKnownFileType = sourcecode.swift; path = SceneDelegate.swift; sourceTree = "<group>"; };
		844B13A927A91E0400C440A1 /* Home.swift */ = {isa = PBXFileReference; lastKnownFileType = sourcecode.swift; path = Home.swift; sourceTree = "<group>"; };
		844B13AC27A91E0400C440A1 /* Base */ = {isa = PBXFileReference; lastKnownFileType = file.storyboard; name = Base; path = Base.lproj/Main.storyboard; sourceTree = "<group>"; };
		844B13AF27A91E0400C440A1 /* Pocket_Money.xcdatamodel */ = {isa = PBXFileReference; lastKnownFileType = wrapper.xcdatamodel; path = Pocket_Money.xcdatamodel; sourceTree = "<group>"; };
		844B13B127A91E0500C440A1 /* Assets.xcassets */ = {isa = PBXFileReference; lastKnownFileType = folder.assetcatalog; path = Assets.xcassets; sourceTree = "<group>"; };
		844B13B427A91E0500C440A1 /* Base */ = {isa = PBXFileReference; lastKnownFileType = file.storyboard; name = Base; path = Base.lproj/LaunchScreen.storyboard; sourceTree = "<group>"; };
		844B13B627A91E0500C440A1 /* Info.plist */ = {isa = PBXFileReference; lastKnownFileType = text.plist.xml; path = Info.plist; sourceTree = "<group>"; };
		844B13D827A9231D00C440A1 /* GoogleService-Info.plist */ = {isa = PBXFileReference; fileEncoding = 4; lastKnownFileType = text.plist.xml; path = "GoogleService-Info.plist"; sourceTree = "<group>"; };
		844B13E127A929A600C440A1 /* SigninVC.swift */ = {isa = PBXFileReference; lastKnownFileType = sourcecode.swift; path = SigninVC.swift; sourceTree = "<group>"; };
		844B13E327A9378800C440A1 /* LoginVC.swift */ = {isa = PBXFileReference; lastKnownFileType = sourcecode.swift; path = LoginVC.swift; sourceTree = "<group>"; };
		844B13E527A93DF300C440A1 /* MainVC.swift */ = {isa = PBXFileReference; lastKnownFileType = sourcecode.swift; path = MainVC.swift; sourceTree = "<group>"; };
		844B13E727A93F7B00C440A1 /* User.swift */ = {isa = PBXFileReference; lastKnownFileType = sourcecode.swift; path = User.swift; sourceTree = "<group>"; };
		844B13EA27AA74EF00C440A1 /* UserCell.swift */ = {isa = PBXFileReference; lastKnownFileType = sourcecode.swift; path = UserCell.swift; sourceTree = "<group>"; };
		844B13EB27AA74EF00C440A1 /* UserCell.xib */ = {isa = PBXFileReference; lastKnownFileType = file.xib; path = UserCell.xib; sourceTree = "<group>"; };
		844B13F027ABDDD800C440A1 /* UserDetailsVC.swift */ = {isa = PBXFileReference; lastKnownFileType = sourcecode.swift; path = UserDetailsVC.swift; sourceTree = "<group>"; };
		848494BA27DA3BAF004543DE /* DateCalculate.swift */ = {isa = PBXFileReference; lastKnownFileType = sourcecode.swift; path = DateCalculate.swift; sourceTree = "<group>"; };
		8485204627AFE4BE00E483ED /* AddMoneyToUserVC.swift */ = {isa = PBXFileReference; lastKnownFileType = sourcecode.swift; path = AddMoneyToUserVC.swift; sourceTree = "<group>"; };
		84A8474327C4D07C007138F0 /* AddByTimeVC.swift */ = {isa = PBXFileReference; lastKnownFileType = sourcecode.swift; path = AddByTimeVC.swift; sourceTree = "<group>"; };
		84A8474527C563CE007138F0 /* Pocket Money.app */ = {isa = PBXFileReference; explicitFileType = wrapper.application; includeInIndex = 0; path = "Pocket Money.app"; sourceTree = BUILT_PRODUCTS_DIR; };
		84C616D027B90B2700952350 /* UserDetailsCell.swift */ = {isa = PBXFileReference; lastKnownFileType = sourcecode.swift; path = UserDetailsCell.swift; sourceTree = "<group>"; };
		84C616D127B90B2700952350 /* UserDetailsCell.xib */ = {isa = PBXFileReference; lastKnownFileType = file.xib; path = UserDetailsCell.xib; sourceTree = "<group>"; };
		84C616D427B9185A00952350 /* DateAmount.swift */ = {isa = PBXFileReference; lastKnownFileType = sourcecode.swift; path = DateAmount.swift; sourceTree = "<group>"; };
		84C616D627BE365400952350 /* AddUserVC.swift */ = {isa = PBXFileReference; lastKnownFileType = sourcecode.swift; path = AddUserVC.swift; sourceTree = "<group>"; };
		84EC041E281FE58C000E2A82 /* PopUpButtonsVC.swift */ = {isa = PBXFileReference; lastKnownFileType = sourcecode.swift; path = PopUpButtonsVC.swift; sourceTree = "<group>"; };
/* End PBXFileReference section */

/* Begin PBXFrameworksBuildPhase section */
		844B139F27A91E0400C440A1 /* Frameworks */ = {
			isa = PBXFrameworksBuildPhase;
			buildActionMask = 2147483647;
			files = (
			);
			runOnlyForDeploymentPostprocessing = 0;
		};
/* End PBXFrameworksBuildPhase section */

/* Begin PBXGroup section */
		7D1844DAAAF777A735F04783 /* Pods */ = {
			isa = PBXGroup;
			children = (
				3BEBDF27D7B93F07186AA918 /* Pods-Pocket Money.debug.xcconfig */,
				250254A8FF20916B9E1A68DC /* Pods-Pocket Money.release.xcconfig */,
			);
			path = Pods;
			sourceTree = "<group>";
		};
		844B139927A91E0400C440A1 = {
			isa = PBXGroup;
			children = (
				844B13A427A91E0400C440A1 /* Pocket Money */,
				7D1844DAAAF777A735F04783 /* Pods */,
				84A8474527C563CE007138F0 /* Pocket Money.app */,
				920E6599A50466F333348150 /* Frameworks */,
			);
			sourceTree = "<group>";
		};
		844B13A427A91E0400C440A1 /* Pocket Money */ = {
			isa = PBXGroup;
			children = (
				844B13A527A91E0400C440A1 /* AppDelegate.swift */,
				844B13A727A91E0400C440A1 /* SceneDelegate.swift */,
				844B13E927A93F8200C440A1 /* Model */,
				844B13DF27A9294E00C440A1 /* View */,
				844B13E027A9296F00C440A1 /* Controller */,
				844B13B127A91E0500C440A1 /* Assets.xcassets */,
				844B13B327A91E0500C440A1 /* LaunchScreen.storyboard */,
				844B13B627A91E0500C440A1 /* Info.plist */,
				844B13D827A9231D00C440A1 /* GoogleService-Info.plist */,
				844B13AE27A91E0400C440A1 /* Pocket_Money.xcdatamodeld */,
			);
			path = "Pocket Money";
			sourceTree = "<group>";
		};
		844B13DF27A9294E00C440A1 /* View */ = {
			isa = PBXGroup;
			children = (
				844B13AB27A91E0400C440A1 /* Main.storyboard */,
				844B13EA27AA74EF00C440A1 /* UserCell.swift */,
				844B13EB27AA74EF00C440A1 /* UserCell.xib */,
				84C616D027B90B2700952350 /* UserDetailsCell.swift */,
				84C616D127B90B2700952350 /* UserDetailsCell.xib */,
			);
			path = View;
			sourceTree = "<group>";
		};
		844B13E027A9296F00C440A1 /* Controller */ = {
			isa = PBXGroup;
			children = (
				844B13A927A91E0400C440A1 /* Home.swift */,
				844B13E127A929A600C440A1 /* SigninVC.swift */,
				844B13E327A9378800C440A1 /* LoginVC.swift */,
				844B13E527A93DF300C440A1 /* MainVC.swift */,
				84C616D627BE365400952350 /* AddUserVC.swift */,
				844B13F027ABDDD800C440A1 /* UserDetailsVC.swift */,
				84EC041E281FE58C000E2A82 /* PopUpButtonsVC.swift */,
				8485204627AFE4BE00E483ED /* AddMoneyToUserVC.swift */,
				84A8474327C4D07C007138F0 /* AddByTimeVC.swift */,
			);
			path = Controller;
			sourceTree = "<group>";
		};
		844B13E927A93F8200C440A1 /* Model */ = {
			isa = PBXGroup;
			children = (
				844B13E727A93F7B00C440A1 /* User.swift */,
				84C616D427B9185A00952350 /* DateAmount.swift */,
				848494BA27DA3BAF004543DE /* DateCalculate.swift */,
			);
			path = Model;
			sourceTree = "<group>";
		};
		920E6599A50466F333348150 /* Frameworks */ = {
			isa = PBXGroup;
			children = (
			);
			name = Frameworks;
			sourceTree = "<group>";
		};
/* End PBXGroup section */

/* Begin PBXNativeTarget section */
		844B13A127A91E0400C440A1 /* Pocket Money */ = {
			isa = PBXNativeTarget;
			buildConfigurationList = 844B13CF27A91E0600C440A1 /* Build configuration list for PBXNativeTarget "Pocket Money" */;
			buildPhases = (
				5A05583B6C6F7C391778A75D /* [CP] Check Pods Manifest.lock */,
				844B139E27A91E0400C440A1 /* Sources */,
				844B139F27A91E0400C440A1 /* Frameworks */,
				844B13A027A91E0400C440A1 /* Resources */,
				A1E181E189E57656A5C41873 /* [CP] Embed Pods Frameworks */,
			);
			buildRules = (
			);
			dependencies = (
			);
			name = "Pocket Money";
			packageProductDependencies = (
			);
			productName = "Pocket Money";
			productReference = 84A8474527C563CE007138F0 /* Pocket Money.app */;
			productType = "com.apple.product-type.application";
		};
/* End PBXNativeTarget section */

/* Begin PBXProject section */
		844B139A27A91E0400C440A1 /* Project object */ = {
			isa = PBXProject;
			attributes = {
				BuildIndependentTargetsInParallel = 1;
				LastSwiftUpdateCheck = 1320;
				LastUpgradeCheck = 1320;
				TargetAttributes = {
					844B13A127A91E0400C440A1 = {
						CreatedOnToolsVersion = 13.2.1;
					};
				};
			};
			buildConfigurationList = 844B139D27A91E0400C440A1 /* Build configuration list for PBXProject "Pocket Money" */;
			compatibilityVersion = "Xcode 13.0";
			developmentRegion = en;
			hasScannedForEncodings = 0;
			knownRegions = (
				en,
				Base,
			);
			mainGroup = 844B139927A91E0400C440A1;
			packageReferences = (
			);
			productRefGroup = 844B139927A91E0400C440A1;
			projectDirPath = "";
			projectRoot = "";
			targets = (
				844B13A127A91E0400C440A1 /* Pocket Money */,
			);
		};
/* End PBXProject section */

/* Begin PBXResourcesBuildPhase section */
		844B13A027A91E0400C440A1 /* Resources */ = {
			isa = PBXResourcesBuildPhase;
			buildActionMask = 2147483647;
			files = (
				844B13B527A91E0500C440A1 /* LaunchScreen.storyboard in Resources */,
				844B13D927A9231D00C440A1 /* GoogleService-Info.plist in Resources */,
				844B13B227A91E0500C440A1 /* Assets.xcassets in Resources */,
				844B13AD27A91E0400C440A1 /* Main.storyboard in Resources */,
				844B13ED27AA74EF00C440A1 /* UserCell.xib in Resources */,
				84C616D327B90B2700952350 /* UserDetailsCell.xib in Resources */,
			);
			runOnlyForDeploymentPostprocessing = 0;
		};
/* End PBXResourcesBuildPhase section */

/* Begin PBXShellScriptBuildPhase section */
		5A05583B6C6F7C391778A75D /* [CP] Check Pods Manifest.lock */ = {
			isa = PBXShellScriptBuildPhase;
			buildActionMask = 2147483647;
			files = (
			);
			inputFileListPaths = (
			);
			inputPaths = (
				"${PODS_PODFILE_DIR_PATH}/Podfile.lock",
				"${PODS_ROOT}/Manifest.lock",
			);
			name = "[CP] Check Pods Manifest.lock";
			outputFileListPaths = (
			);
			outputPaths = (
				"$(DERIVED_FILE_DIR)/Pods-Pocket Money-checkManifestLockResult.txt",
			);
			runOnlyForDeploymentPostprocessing = 0;
			shellPath = /bin/sh;
			shellScript = "diff \"${PODS_PODFILE_DIR_PATH}/Podfile.lock\" \"${PODS_ROOT}/Manifest.lock\" > /dev/null\nif [ $? != 0 ] ; then\n    # print error to STDERR\n    echo \"error: The sandbox is not in sync with the Podfile.lock. Run 'pod install' or update your CocoaPods installation.\" >&2\n    exit 1\nfi\n# This output is used by Xcode 'outputs' to avoid re-running this script phase.\necho \"SUCCESS\" > \"${SCRIPT_OUTPUT_FILE_0}\"\n";
			showEnvVarsInLog = 0;
		};
		A1E181E189E57656A5C41873 /* [CP] Embed Pods Frameworks */ = {
			isa = PBXShellScriptBuildPhase;
			buildActionMask = 2147483647;
			files = (
			);
			inputFileListPaths = (
				"${PODS_ROOT}/Target Support Files/Pods-Pocket Money/Pods-Pocket Money-frameworks-${CONFIGURATION}-input-files.xcfilelist",
			);
			name = "[CP] Embed Pods Frameworks";
			outputFileListPaths = (
				"${PODS_ROOT}/Target Support Files/Pods-Pocket Money/Pods-Pocket Money-frameworks-${CONFIGURATION}-output-files.xcfilelist",
			);
			runOnlyForDeploymentPostprocessing = 0;
			shellPath = /bin/sh;
			shellScript = "\"${PODS_ROOT}/Target Support Files/Pods-Pocket Money/Pods-Pocket Money-frameworks.sh\"\n";
			showEnvVarsInLog = 0;
		};
/* End PBXShellScriptBuildPhase section */

/* Begin PBXSourcesBuildPhase section */
		844B139E27A91E0400C440A1 /* Sources */ = {
			isa = PBXSourcesBuildPhase;
			buildActionMask = 2147483647;
			files = (
				844B13AA27A91E0400C440A1 /* Home.swift in Sources */,
				844B13E227A929A600C440A1 /* SigninVC.swift in Sources */,
				844B13E427A9378800C440A1 /* LoginVC.swift in Sources */,
				844B13A627A91E0400C440A1 /* AppDelegate.swift in Sources */,
				844B13E827A93F7B00C440A1 /* User.swift in Sources */,
				844B13EC27AA74EF00C440A1 /* UserCell.swift in Sources */,
				844B13B027A91E0400C440A1 /* Pocket_Money.xcdatamodeld in Sources */,
				84EC041F281FE58C000E2A82 /* PopUpButtonsVC.swift in Sources */,
				844B13F127ABDDD800C440A1 /* UserDetailsVC.swift in Sources */,
				844B13A827A91E0400C440A1 /* SceneDelegate.swift in Sources */,
				84C616D227B90B2700952350 /* UserDetailsCell.swift in Sources */,
				848494BB27DA3BAF004543DE /* DateCalculate.swift in Sources */,
				844B13E627A93DF300C440A1 /* MainVC.swift in Sources */,
				84C616D727BE365400952350 /* AddUserVC.swift in Sources */,
				84A8474427C4D07C007138F0 /* AddByTimeVC.swift in Sources */,
				84C616D527B9185A00952350 /* DateAmount.swift in Sources */,
				8485204727AFE4BE00E483ED /* AddMoneyToUserVC.swift in Sources */,
			);
			runOnlyForDeploymentPostprocessing = 0;
		};
/* End PBXSourcesBuildPhase section */

/* Begin PBXVariantGroup section */
		844B13AB27A91E0400C440A1 /* Main.storyboard */ = {
			isa = PBXVariantGroup;
			children = (
				844B13AC27A91E0400C440A1 /* Base */,
			);
			name = Main.storyboard;
			sourceTree = "<group>";
		};
		844B13B327A91E0500C440A1 /* LaunchScreen.storyboard */ = {
			isa = PBXVariantGroup;
			children = (
				844B13B427A91E0500C440A1 /* Base */,
			);
			name = LaunchScreen.storyboard;
			sourceTree = "<group>";
		};
/* End PBXVariantGroup section */

/* Begin XCBuildConfiguration section */
		844B13CD27A91E0600C440A1 /* Debug */ = {
			isa = XCBuildConfiguration;
			buildSettings = {
				ALWAYS_SEARCH_USER_PATHS = NO;
				CLANG_ANALYZER_NONNULL = YES;
				CLANG_ANALYZER_NUMBER_OBJECT_CONVERSION = YES_AGGRESSIVE;
				CLANG_CXX_LANGUAGE_STANDARD = "gnu++17";
				CLANG_CXX_LIBRARY = "libc++";
				CLANG_ENABLE_MODULES = YES;
				CLANG_ENABLE_OBJC_ARC = YES;
				CLANG_ENABLE_OBJC_WEAK = YES;
				CLANG_WARN_BLOCK_CAPTURE_AUTORELEASING = YES;
				CLANG_WARN_BOOL_CONVERSION = YES;
				CLANG_WARN_COMMA = YES;
				CLANG_WARN_CONSTANT_CONVERSION = YES;
				CLANG_WARN_DEPRECATED_OBJC_IMPLEMENTATIONS = YES;
				CLANG_WARN_DIRECT_OBJC_ISA_USAGE = YES_ERROR;
				CLANG_WARN_DOCUMENTATION_COMMENTS = YES;
				CLANG_WARN_EMPTY_BODY = YES;
				CLANG_WARN_ENUM_CONVERSION = YES;
				CLANG_WARN_INFINITE_RECURSION = YES;
				CLANG_WARN_INT_CONVERSION = YES;
				CLANG_WARN_NON_LITERAL_NULL_CONVERSION = YES;
				CLANG_WARN_OBJC_IMPLICIT_RETAIN_SELF = YES;
				CLANG_WARN_OBJC_LITERAL_CONVERSION = YES;
				CLANG_WARN_OBJC_ROOT_CLASS = YES_ERROR;
				CLANG_WARN_QUOTED_INCLUDE_IN_FRAMEWORK_HEADER = YES;
				CLANG_WARN_RANGE_LOOP_ANALYSIS = YES;
				CLANG_WARN_STRICT_PROTOTYPES = YES;
				CLANG_WARN_SUSPICIOUS_MOVE = YES;
				CLANG_WARN_UNGUARDED_AVAILABILITY = YES_AGGRESSIVE;
				CLANG_WARN_UNREACHABLE_CODE = YES;
				CLANG_WARN__DUPLICATE_METHOD_MATCH = YES;
				COPY_PHASE_STRIP = NO;
				DEBUG_INFORMATION_FORMAT = dwarf;
				ENABLE_STRICT_OBJC_MSGSEND = YES;
				ENABLE_TESTABILITY = YES;
				GCC_C_LANGUAGE_STANDARD = gnu11;
				GCC_DYNAMIC_NO_PIC = NO;
				GCC_NO_COMMON_BLOCKS = YES;
				GCC_OPTIMIZATION_LEVEL = 0;
				GCC_PREPROCESSOR_DEFINITIONS = (
					"DEBUG=1",
					"$(inherited)",
				);
				GCC_WARN_64_TO_32_BIT_CONVERSION = YES;
				GCC_WARN_ABOUT_RETURN_TYPE = YES_ERROR;
				GCC_WARN_UNDECLARED_SELECTOR = YES;
				GCC_WARN_UNINITIALIZED_AUTOS = YES_AGGRESSIVE;
				GCC_WARN_UNUSED_FUNCTION = YES;
				GCC_WARN_UNUSED_VARIABLE = YES;
				IPHONEOS_DEPLOYMENT_TARGET = 15.2;
				MTL_ENABLE_DEBUG_INFO = INCLUDE_SOURCE;
				MTL_FAST_MATH = YES;
				ONLY_ACTIVE_ARCH = YES;
				SDKROOT = iphoneos;
				SWIFT_ACTIVE_COMPILATION_CONDITIONS = DEBUG;
				SWIFT_OPTIMIZATION_LEVEL = "-Onone";
			};
			name = Debug;
		};
		844B13CE27A91E0600C440A1 /* Release */ = {
			isa = XCBuildConfiguration;
			buildSettings = {
				ALWAYS_SEARCH_USER_PATHS = NO;
				CLANG_ANALYZER_NONNULL = YES;
				CLANG_ANALYZER_NUMBER_OBJECT_CONVERSION = YES_AGGRESSIVE;
				CLANG_CXX_LANGUAGE_STANDARD = "gnu++17";
				CLANG_CXX_LIBRARY = "libc++";
				CLANG_ENABLE_MODULES = YES;
				CLANG_ENABLE_OBJC_ARC = YES;
				CLANG_ENABLE_OBJC_WEAK = YES;
				CLANG_WARN_BLOCK_CAPTURE_AUTORELEASING = YES;
				CLANG_WARN_BOOL_CONVERSION = YES;
				CLANG_WARN_COMMA = YES;
				CLANG_WARN_CONSTANT_CONVERSION = YES;
				CLANG_WARN_DEPRECATED_OBJC_IMPLEMENTATIONS = YES;
				CLANG_WARN_DIRECT_OBJC_ISA_USAGE = YES_ERROR;
				CLANG_WARN_DOCUMENTATION_COMMENTS = YES;
				CLANG_WARN_EMPTY_BODY = YES;
				CLANG_WARN_ENUM_CONVERSION = YES;
				CLANG_WARN_INFINITE_RECURSION = YES;
				CLANG_WARN_INT_CONVERSION = YES;
				CLANG_WARN_NON_LITERAL_NULL_CONVERSION = YES;
				CLANG_WARN_OBJC_IMPLICIT_RETAIN_SELF = YES;
				CLANG_WARN_OBJC_LITERAL_CONVERSION = YES;
				CLANG_WARN_OBJC_ROOT_CLASS = YES_ERROR;
				CLANG_WARN_QUOTED_INCLUDE_IN_FRAMEWORK_HEADER = YES;
				CLANG_WARN_RANGE_LOOP_ANALYSIS = YES;
				CLANG_WARN_STRICT_PROTOTYPES = YES;
				CLANG_WARN_SUSPICIOUS_MOVE = YES;
				CLANG_WARN_UNGUARDED_AVAILABILITY = YES_AGGRESSIVE;
				CLANG_WARN_UNREACHABLE_CODE = YES;
				CLANG_WARN__DUPLICATE_METHOD_MATCH = YES;
				COPY_PHASE_STRIP = NO;
				DEBUG_INFORMATION_FORMAT = "dwarf-with-dsym";
				ENABLE_NS_ASSERTIONS = NO;
				ENABLE_STRICT_OBJC_MSGSEND = YES;
				GCC_C_LANGUAGE_STANDARD = gnu11;
				GCC_NO_COMMON_BLOCKS = YES;
				GCC_WARN_64_TO_32_BIT_CONVERSION = YES;
				GCC_WARN_ABOUT_RETURN_TYPE = YES_ERROR;
				GCC_WARN_UNDECLARED_SELECTOR = YES;
				GCC_WARN_UNINITIALIZED_AUTOS = YES_AGGRESSIVE;
				GCC_WARN_UNUSED_FUNCTION = YES;
				GCC_WARN_UNUSED_VARIABLE = YES;
				IPHONEOS_DEPLOYMENT_TARGET = 15.2;
				MTL_ENABLE_DEBUG_INFO = NO;
				MTL_FAST_MATH = YES;
				SDKROOT = iphoneos;
				SWIFT_COMPILATION_MODE = wholemodule;
				SWIFT_OPTIMIZATION_LEVEL = "-O";
				VALIDATE_PRODUCT = YES;
			};
			name = Release;
		};
		844B13D027A91E0600C440A1 /* Debug */ = {
			isa = XCBuildConfiguration;
			baseConfigurationReference = 3BEBDF27D7B93F07186AA918 /* Pods-Pocket Money.debug.xcconfig */;
			buildSettings = {
				ASSETCATALOG_COMPILER_APPICON_NAME = AppIcon;
				ASSETCATALOG_COMPILER_GLOBAL_ACCENT_COLOR_NAME = AccentColor;
				CODE_SIGN_STYLE = Automatic;
				CURRENT_PROJECT_VERSION = 1;
				DEVELOPMENT_TEAM = 53M7K278XT;
				GENERATE_INFOPLIST_FILE = YES;
				INFOPLIST_FILE = "Pocket Money/Info.plist";
				INFOPLIST_KEY_NSPhotoLibraryAddUsageDescription = "Please allow access to upload photos.";
				INFOPLIST_KEY_UIApplicationSupportsIndirectInputEvents = YES;
				INFOPLIST_KEY_UILaunchStoryboardName = LaunchScreen;
				INFOPLIST_KEY_UIMainStoryboardFile = Main;
				INFOPLIST_KEY_UISupportedInterfaceOrientations_iPad = "UIInterfaceOrientationPortrait UIInterfaceOrientationPortraitUpsideDown UIInterfaceOrientationLandscapeLeft UIInterfaceOrientationLandscapeRight";
				INFOPLIST_KEY_UISupportedInterfaceOrientations_iPhone = "UIInterfaceOrientationPortrait UIInterfaceOrientationLandscapeLeft UIInterfaceOrientationLandscapeRight";
				LD_RUNPATH_SEARCH_PATHS = (
					"$(inherited)",
					"@executable_path/Frameworks",
				);
				MARKETING_VERSION = 1.0;
				PRODUCT_BUNDLE_IDENTIFIER = "Danit-Weill.Pocket-Money";
				PRODUCT_NAME = "$(TARGET_NAME)";
				SWIFT_EMIT_LOC_STRINGS = YES;
				SWIFT_VERSION = 5.0;
				TARGETED_DEVICE_FAMILY = "1,2";
			};
			name = Debug;
		};
		844B13D127A91E0600C440A1 /* Release */ = {
			isa = XCBuildConfiguration;
			baseConfigurationReference = 250254A8FF20916B9E1A68DC /* Pods-Pocket Money.release.xcconfig */;
			buildSettings = {
				ASSETCATALOG_COMPILER_APPICON_NAME = AppIcon;
				ASSETCATALOG_COMPILER_GLOBAL_ACCENT_COLOR_NAME = AccentColor;
				CODE_SIGN_STYLE = Automatic;
				CURRENT_PROJECT_VERSION = 1;
				DEVELOPMENT_TEAM = 53M7K278XT;
				GENERATE_INFOPLIST_FILE = YES;
				INFOPLIST_FILE = "Pocket Money/Info.plist";
				INFOPLIST_KEY_NSPhotoLibraryAddUsageDescription = "Please allow access to upload photos.";
				INFOPLIST_KEY_UIApplicationSupportsIndirectInputEvents = YES;
				INFOPLIST_KEY_UILaunchStoryboardName = LaunchScreen;
				INFOPLIST_KEY_UIMainStoryboardFile = Main;
				INFOPLIST_KEY_UISupportedInterfaceOrientations_iPad = "UIInterfaceOrientationPortrait UIInterfaceOrientationPortraitUpsideDown UIInterfaceOrientationLandscapeLeft UIInterfaceOrientationLandscapeRight";
				INFOPLIST_KEY_UISupportedInterfaceOrientations_iPhone = "UIInterfaceOrientationPortrait UIInterfaceOrientationLandscapeLeft UIInterfaceOrientationLandscapeRight";
				LD_RUNPATH_SEARCH_PATHS = (
					"$(inherited)",
					"@executable_path/Frameworks",
				);
				MARKETING_VERSION = 1.0;
				PRODUCT_BUNDLE_IDENTIFIER = "Danit-Weill.Pocket-Money";
				PRODUCT_NAME = "$(TARGET_NAME)";
				SWIFT_EMIT_LOC_STRINGS = YES;
				SWIFT_VERSION = 5.0;
				TARGETED_DEVICE_FAMILY = "1,2";
			};
			name = Release;
		};
/* End XCBuildConfiguration section */

/* Begin XCConfigurationList section */
		844B139D27A91E0400C440A1 /* Build configuration list for PBXProject "Pocket Money" */ = {
			isa = XCConfigurationList;
			buildConfigurations = (
				844B13CD27A91E0600C440A1 /* Debug */,
				844B13CE27A91E0600C440A1 /* Release */,
			);
			defaultConfigurationIsVisible = 0;
			defaultConfigurationName = Release;
		};
		844B13CF27A91E0600C440A1 /* Build configuration list for PBXNativeTarget "Pocket Money" */ = {
			isa = XCConfigurationList;
			buildConfigurations = (
				844B13D027A91E0600C440A1 /* Debug */,
				844B13D127A91E0600C440A1 /* Release */,
			);
			defaultConfigurationIsVisible = 0;
			defaultConfigurationName = Release;
		};
/* End XCConfigurationList section */

/* Begin XCVersionGroup section */
		844B13AE27A91E0400C440A1 /* Pocket_Money.xcdatamodeld */ = {
			isa = XCVersionGroup;
			children = (
				844B13AF27A91E0400C440A1 /* Pocket_Money.xcdatamodel */,
			);
			currentVersion = 844B13AF27A91E0400C440A1 /* Pocket_Money.xcdatamodel */;
			path = Pocket_Money.xcdatamodeld;
			sourceTree = "<group>";
			versionGroupType = wrapper.xcdatamodel;
		};
/* End XCVersionGroup section */
	};
	rootObject = 844B139A27A91E0400C440A1 /* Project object */;
}
